
Microsoft Visual Studio Solution File, Format Version 12.00
# Visual Studio Version 17
VisualStudioVersion = 17.7.34202.233
MinimumVisualStudioVersion = 10.0.40219.1
Project("{FAE04EC0-301F-11D3-BF4B-00C04F79EFBC}") = "Web.Mega.Finance", "Web.Mega.Finance\Web.Mega.Finance.csproj", "{1CDCC09B-2FF2-444A-891A-3626C21713A0}"
EndProject
Global
	GlobalSection(SolutionConfigurationPlatforms) = preSolution
		Debug|Any CPU = Debug|Any CPU
		Release|Any CPU = Release|Any CPU
	EndGlobalSection
	GlobalSection(ProjectConfigurationPlatforms) = postSolution
		{1CDCC09B-2FF2-444A-891A-3626C21713A0}.Debug|Any CPU.ActiveCfg = Debug|Any CPU
		{1CDCC09B-2FF2-444A-891A-3626C21713A0}.Debug|Any CPU.Build.0 = Debug|Any CPU
		{1CDCC09B-2FF2-444A-891A-3626C21713A0}.Release|Any CPU.ActiveCfg = Release|Any CPU
		{1CDCC09B-2FF2-444A-891A-3626C21713A0}.Release|Any CPU.Build.0 = Release|Any CPU
	EndGlobalSection
	GlobalSection(SolutionProperties) = preSolution
		HideSolutionNode = FALSE
	EndGlobalSection
	GlobalSection(ExtensibilityGlobals) = postSolution
		SolutionGuid = {2427405F-A163-4D48-B2E2-4A1F0F2B9890}
	EndGlobalSection
EndGlobal
